
Microsoft Visual Studio Solution File, Format Version 12.00
# Visual Studio Version 17
VisualStudioVersion = 17.13.35818.85
MinimumVisualStudioVersion = 10.0.40219.1
Project("{FAE04EC0-301F-11D3-BF4B-00C04F79EFBC}") = "API", "API\API.csproj", "{51A3CACC-FAF7-4464-8203-E88527412B96}"
EndProject
Project("{FAE04EC0-301F-11D3-BF4B-00C04F79EFBC}") = "Models", "Models\Models.csproj", "{17A4AF1C-D7D5-4B5A-9C01-8164572C3EFA}"
EndProject
Project("{FAE04EC0-301F-11D3-BF4B-00C04F79EFBC}") = "DAO", "DAO\DAO.csproj", "{564510B9-3B0B-4BC9-9B7B-04357A220589}"
EndProject
Project("{FAE04EC0-301F-11D3-BF4B-00C04F79EFBC}") = "Services", "Services\Services.csproj", "{D8E3C497-D150-4225-8535-6082EB69F5C6}"
EndProject
Global
	GlobalSection(SolutionConfigurationPlatforms) = preSolution
		Debug|Any CPU = Debug|Any CPU
		Release|Any CPU = Release|Any CPU
	EndGlobalSection
	GlobalSection(ProjectConfigurationPlatforms) = postSolution
		{51A3CACC-FAF7-4464-8203-E88527412B96}.Debug|Any CPU.ActiveCfg = Debug|Any CPU
		{51A3CACC-FAF7-4464-8203-E88527412B96}.Debug|Any CPU.Build.0 = Debug|Any CPU
		{51A3CACC-FAF7-4464-8203-E88527412B96}.Release|Any CPU.ActiveCfg = Release|Any CPU
		{51A3CACC-FAF7-4464-8203-E88527412B96}.Release|Any CPU.Build.0 = Release|Any CPU
		{17A4AF1C-D7D5-4B5A-9C01-8164572C3EFA}.Debug|Any CPU.ActiveCfg = Debug|Any CPU
		{17A4AF1C-D7D5-4B5A-9C01-8164572C3EFA}.Debug|Any CPU.Build.0 = Debug|Any CPU
		{17A4AF1C-D7D5-4B5A-9C01-8164572C3EFA}.Release|Any CPU.ActiveCfg = Release|Any CPU
		{17A4AF1C-D7D5-4B5A-9C01-8164572C3EFA}.Release|Any CPU.Build.0 = Release|Any CPU
		{564510B9-3B0B-4BC9-9B7B-04357A220589}.Debug|Any CPU.ActiveCfg = Debug|Any CPU
		{564510B9-3B0B-4BC9-9B7B-04357A220589}.Debug|Any CPU.Build.0 = Debug|Any CPU
		{564510B9-3B0B-4BC9-9B7B-04357A220589}.Release|Any CPU.ActiveCfg = Release|Any CPU
		{564510B9-3B0B-4BC9-9B7B-04357A220589}.Release|Any CPU.Build.0 = Release|Any CPU
		{D8E3C497-D150-4225-8535-6082EB69F5C6}.Debug|Any CPU.ActiveCfg = Debug|Any CPU
		{D8E3C497-D150-4225-8535-6082EB69F5C6}.Debug|Any CPU.Build.0 = Debug|Any CPU
		{D8E3C497-D150-4225-8535-6082EB69F5C6}.Release|Any CPU.ActiveCfg = Release|Any CPU
		{D8E3C497-D150-4225-8535-6082EB69F5C6}.Release|Any CPU.Build.0 = Release|Any CPU
	EndGlobalSection
	GlobalSection(SolutionProperties) = preSolution
		HideSolutionNode = FALSE
	EndGlobalSection
	GlobalSection(ExtensibilityGlobals) = postSolution
		SolutionGuid = {1DB30859-06B1-4127-A242-9CBE82D43CB4}
	EndGlobalSection
EndGlobal
